
Microsoft Visual Studio Solution File, Format Version 12.00
# Visual Studio Version 16
VisualStudioVersion = 16.0.29519.87
MinimumVisualStudioVersion = 10.0.40219.1
Project("{888888A0-9F3D-457C-B088-3A5042F75D52}") = "labels_PositiveQuote", "labels_PositiveQuote\labels_PositiveQuote.pyproj", "{846E15B5-266D-4A01-BD4B-0021C3219CD1}"
EndProject
Global
	GlobalSection(SolutionConfigurationPlatforms) = preSolution
		Debug|Any CPU = Debug|Any CPU
		Release|Any CPU = Release|Any CPU
	EndGlobalSection
	GlobalSection(ProjectConfigurationPlatforms) = postSolution
		{846E15B5-266D-4A01-BD4B-0021C3219CD1}.Debug|Any CPU.ActiveCfg = Debug|Any CPU
		{846E15B5-266D-4A01-BD4B-0021C3219CD1}.Release|Any CPU.ActiveCfg = Release|Any CPU
	EndGlobalSection
	GlobalSection(SolutionProperties) = preSolution
		HideSolutionNode = FALSE
	EndGlobalSection
	GlobalSection(ExtensibilityGlobals) = postSolution
		SolutionGuid = {45FDE120-41DA-4D62-B009-7F387F1670D7}
	EndGlobalSection
EndGlobal
